
Microsoft Visual Studio Solution File, Format Version 12.00
# Visual Studio Version 17
VisualStudioVersion = 17.9.34728.123
MinimumVisualStudioVersion = 10.0.40219.1
Project("{FAE04EC0-301F-11D3-BF4B-00C04F79EFBC}") = "EloadasProjekt", "EloadasProjekt\EloadasProjekt.csproj", "{10AABB98-9EDE-4CFF-9FC3-5E73EE3931C7}"
EndProject
Project("{FAE04EC0-301F-11D3-BF4B-00C04F79EFBC}") = "TestEloadasProject", "TestEloadasProject\TestEloadasProject.csproj", "{721FACCF-1B0B-4AC4-B950-DE3B732A084E}"
EndProject
Global
	GlobalSection(SolutionConfigurationPlatforms) = preSolution
		Debug|Any CPU = Debug|Any CPU
		Release|Any CPU = Release|Any CPU
	EndGlobalSection
	GlobalSection(ProjectConfigurationPlatforms) = postSolution
		{10AABB98-9EDE-4CFF-9FC3-5E73EE3931C7}.Debug|Any CPU.ActiveCfg = Debug|Any CPU
		{10AABB98-9EDE-4CFF-9FC3-5E73EE3931C7}.Debug|Any CPU.Build.0 = Debug|Any CPU
		{10AABB98-9EDE-4CFF-9FC3-5E73EE3931C7}.Release|Any CPU.ActiveCfg = Release|Any CPU
		{10AABB98-9EDE-4CFF-9FC3-5E73EE3931C7}.Release|Any CPU.Build.0 = Release|Any CPU
		{721FACCF-1B0B-4AC4-B950-DE3B732A084E}.Debug|Any CPU.ActiveCfg = Debug|Any CPU
		{721FACCF-1B0B-4AC4-B950-DE3B732A084E}.Debug|Any CPU.Build.0 = Debug|Any CPU
		{721FACCF-1B0B-4AC4-B950-DE3B732A084E}.Release|Any CPU.ActiveCfg = Release|Any CPU
		{721FACCF-1B0B-4AC4-B950-DE3B732A084E}.Release|Any CPU.Build.0 = Release|Any CPU
	EndGlobalSection
	GlobalSection(SolutionProperties) = preSolution
		HideSolutionNode = FALSE
	EndGlobalSection
	GlobalSection(ExtensibilityGlobals) = postSolution
		SolutionGuid = {AE51679E-7B9D-42C2-9D3E-BD2B73A12ECC}
	EndGlobalSection
EndGlobal
